// !$*UTF8*$!
{
	archiveVersion = 1;
	classes = {
	};
	objectVersion = 51;
	objects = {

/* Begin PBXBuildFile section */
		9EA0677322BDF0AF006326D1 /* AppDelegate.swift in Sources */ = {isa = PBXBuildFile; fileRef = 9EA0677222BDF0AF006326D1 /* AppDelegate.swift */; };
		9EA0677B22BDF0AF006326D1 /* iOS_Dev_Questions.xcdatamodeld in Sources */ = {isa = PBXBuildFile; fileRef = 9EA0677922BDF0AF006326D1 /* iOS_Dev_Questions.xcdatamodeld */; };
		9EA0677D22BDF0B1006326D1 /* Assets.xcassets in Resources */ = {isa = PBXBuildFile; fileRef = 9EA0677C22BDF0B1006326D1 /* Assets.xcassets */; };
		9EA0678022BDF0B1006326D1 /* LaunchScreen.storyboard in Resources */ = {isa = PBXBuildFile; fileRef = 9EA0677E22BDF0B1006326D1 /* LaunchScreen.storyboard */; };
		9EA0678B22BDF0B1006326D1 /* iOS_Dev_QuestionsTests.swift in Sources */ = {isa = PBXBuildFile; fileRef = 9EA0678A22BDF0B1006326D1 /* iOS_Dev_QuestionsTests.swift */; };
		9EA0679622BDF536006326D1 /* AppContext.swift in Sources */ = {isa = PBXBuildFile; fileRef = 9EA0679522BDF536006326D1 /* AppContext.swift */; };
		9EA0679822BDF94A006326D1 /* UserSettings.swift in Sources */ = {isa = PBXBuildFile; fileRef = 9EA0679722BDF94A006326D1 /* UserSettings.swift */; };
		9EA0679A22BDFC1D006326D1 /* GlobalTypealiases.swift in Sources */ = {isa = PBXBuildFile; fileRef = 9EA0679922BDFC1D006326D1 /* GlobalTypealiases.swift */; };
		9EA0679C22BDFC52006326D1 /* AppFlow.swift in Sources */ = {isa = PBXBuildFile; fileRef = 9EA0679B22BDFC52006326D1 /* AppFlow.swift */; };
		9EA0679E22BDFD81006326D1 /* OnboardingFlow.swift in Sources */ = {isa = PBXBuildFile; fileRef = 9EA0679D22BDFD81006326D1 /* OnboardingFlow.swift */; };
		9EA067A022BE0140006326D1 /* InitialViewController.swift in Sources */ = {isa = PBXBuildFile; fileRef = 9EA0679F22BE0140006326D1 /* InitialViewController.swift */; };
		9EA067A222BE02EB006326D1 /* AuthFlow.swift in Sources */ = {isa = PBXBuildFile; fileRef = 9EA067A122BE02EB006326D1 /* AuthFlow.swift */; };
		9EA067A422BE05AD006326D1 /* User.swift in Sources */ = {isa = PBXBuildFile; fileRef = 9EA067A322BE05AD006326D1 /* User.swift */; };
		9EA067A622BE0622006326D1 /* AuthContext.swift in Sources */ = {isa = PBXBuildFile; fileRef = 9EA067A522BE0622006326D1 /* AuthContext.swift */; };
		9EA067A822BE0C28006326D1 /* SessionFlow.swift in Sources */ = {isa = PBXBuildFile; fileRef = 9EA067A722BE0C28006326D1 /* SessionFlow.swift */; };
		9EA067AA22BE0C9B006326D1 /* SessionContext.swift in Sources */ = {isa = PBXBuildFile; fileRef = 9EA067A922BE0C9B006326D1 /* SessionContext.swift */; };
		9EA067AC22BE0E60006326D1 /* PersistenceService.swift in Sources */ = {isa = PBXBuildFile; fileRef = 9EA067AB22BE0E60006326D1 /* PersistenceService.swift */; };
		9EA067B722BE1A06006326D1 /* OnboardingViewController.swift in Sources */ = {isa = PBXBuildFile; fileRef = 9EA067B622BE1A06006326D1 /* OnboardingViewController.swift */; };
		9EA067B922BE1A44006326D1 /* OnboardingView.swift in Sources */ = {isa = PBXBuildFile; fileRef = 9EA067B822BE1A44006326D1 /* OnboardingView.swift */; };
		9EA067BB22BE1AA0006326D1 /* OnboardingViewCell.swift in Sources */ = {isa = PBXBuildFile; fileRef = 9EA067BA22BE1AA0006326D1 /* OnboardingViewCell.swift */; };
		9EA067BD22BE1B1A006326D1 /* OnboardData.swift in Sources */ = {isa = PBXBuildFile; fileRef = 9EA067BC22BE1B1A006326D1 /* OnboardData.swift */; };
		9EA067BF22BE29EE006326D1 /* InitialImageView.swift in Sources */ = {isa = PBXBuildFile; fileRef = 9EA067BE22BE29EE006326D1 /* InitialImageView.swift */; };
		9EA067C122BE7E56006326D1 /* UIColorExtensions.swift in Sources */ = {isa = PBXBuildFile; fileRef = 9EA067C022BE7E56006326D1 /* UIColorExtensions.swift */; };
		9EA067C322BE82B3006326D1 /* OnboardingDataCollectionView.swift in Sources */ = {isa = PBXBuildFile; fileRef = 9EA067C222BE82B3006326D1 /* OnboardingDataCollectionView.swift */; };
		9EA067C722BE8BDF006326D1 /* OnboardingContext.swift in Sources */ = {isa = PBXBuildFile; fileRef = 9EA067C622BE8BDF006326D1 /* OnboardingContext.swift */; };
		9EA067C922BF4EE7006326D1 /* SignUpViewController.swift in Sources */ = {isa = PBXBuildFile; fileRef = 9EA067C822BF4EE7006326D1 /* SignUpViewController.swift */; };
		9EA067CB22BFCF2B006326D1 /* IdentifiableCell.swift in Sources */ = {isa = PBXBuildFile; fileRef = 9EA067CA22BFCF2B006326D1 /* IdentifiableCell.swift */; };
		9EA067CD22BFEFF8006326D1 /* LogoCell.swift in Sources */ = {isa = PBXBuildFile; fileRef = 9EA067CC22BFEFF8006326D1 /* LogoCell.swift */; };
		9EA067CF22BFFC93006326D1 /* InputFieldCell.swift in Sources */ = {isa = PBXBuildFile; fileRef = 9EA067CE22BFFC93006326D1 /* InputFieldCell.swift */; };
		9EA067D122BFFDAC006326D1 /* GradientLayerExtensions.swift in Sources */ = {isa = PBXBuildFile; fileRef = 9EA067D022BFFDAC006326D1 /* GradientLayerExtensions.swift */; };
		9EA067D322C003CE006326D1 /* EmailInputFieldCell.swift in Sources */ = {isa = PBXBuildFile; fileRef = 9EA067D222C003CE006326D1 /* EmailInputFieldCell.swift */; };
		9EA067D522C006F2006326D1 /* GradientView.swift in Sources */ = {isa = PBXBuildFile; fileRef = 9EA067D422C006F2006326D1 /* GradientView.swift */; };
		9EA067D722C00935006326D1 /* PasswordInputFieldCell.swift in Sources */ = {isa = PBXBuildFile; fileRef = 9EA067D622C00935006326D1 /* PasswordInputFieldCell.swift */; };
		9EA067D922C0113F006326D1 /* FullNameInputFieldCell.swift in Sources */ = {isa = PBXBuildFile; fileRef = 9EA067D822C0113F006326D1 /* FullNameInputFieldCell.swift */; };
		9EA067DB22C01658006326D1 /* PillButton.swift in Sources */ = {isa = PBXBuildFile; fileRef = 9EA067DA22C01658006326D1 /* PillButton.swift */; };
		9EA067DD22C01A22006326D1 /* PillButtonCell.swift in Sources */ = {isa = PBXBuildFile; fileRef = 9EA067DC22C01A22006326D1 /* PillButtonCell.swift */; };
		9EA067DF22C0230E006326D1 /* TextButtton.swift in Sources */ = {isa = PBXBuildFile; fileRef = 9EA067DE22C0230E006326D1 /* TextButtton.swift */; };
		9EA067E122C026DA006326D1 /* TextButtonCell.swift in Sources */ = {isa = PBXBuildFile; fileRef = 9EA067E022C026DA006326D1 /* TextButtonCell.swift */; };
		9EA067E322C03E89006326D1 /* SignUpView.swift in Sources */ = {isa = PBXBuildFile; fileRef = 9EA067E222C03E89006326D1 /* SignUpView.swift */; };
		9EA067E522C047B9006326D1 /* Name.swift in Sources */ = {isa = PBXBuildFile; fileRef = 9EA067E422C047B9006326D1 /* Name.swift */; };
		9EA067E722C04A27006326D1 /* Email.swift in Sources */ = {isa = PBXBuildFile; fileRef = 9EA067E622C04A27006326D1 /* Email.swift */; };
		9EA067E922C04B72006326D1 /* Password.swift in Sources */ = {isa = PBXBuildFile; fileRef = 9EA067E822C04B72006326D1 /* Password.swift */; };
		9EA067EB22C04CA6006326D1 /* SignUpCredentials.swift in Sources */ = {isa = PBXBuildFile; fileRef = 9EA067EA22C04CA6006326D1 /* SignUpCredentials.swift */; };
		9EA067EF22C057C2006326D1 /* GoogleService-Info.plist in Resources */ = {isa = PBXBuildFile; fileRef = 9EA067EE22C057C2006326D1 /* GoogleService-Info.plist */; };
		9EA067F122C05945006326D1 /* FirebaseAuthService.swift in Sources */ = {isa = PBXBuildFile; fileRef = 9EA067F022C05945006326D1 /* FirebaseAuthService.swift */; };
		9EA067F322C05F49006326D1 /* AlertService.swift in Sources */ = {isa = PBXBuildFile; fileRef = 9EA067F222C05F49006326D1 /* AlertService.swift */; };
		9FE301ADC631501747BD3113 /* Pods_iOS_Dev_QuestionsTests.framework in Frameworks */ = {isa = PBXBuildFile; fileRef = E97AF6DBE90134B49DAFAFA1 /* Pods_iOS_Dev_QuestionsTests.framework */; };
		E88AC639D1E5EC6612DF5146 /* Pods_iOS_Dev_Questions.framework in Frameworks */ = {isa = PBXBuildFile; fileRef = 8EDE94D1873241EB9B6F501B /* Pods_iOS_Dev_Questions.framework */; };
/* End PBXBuildFile section */

/* Begin PBXContainerItemProxy section */
		9EA0678722BDF0B1006326D1 /* PBXContainerItemProxy */ = {
			isa = PBXContainerItemProxy;
			containerPortal = 9EA0676722BDF0AF006326D1 /* Project object */;
			proxyType = 1;
			remoteGlobalIDString = 9EA0676E22BDF0AF006326D1;
			remoteInfo = "iOS Dev Questions";
		};
/* End PBXContainerItemProxy section */

/* Begin PBXFileReference section */
		0F9C5C9F9420BAED7B1194D9 /* Pods-iOS Dev Questions.release.xcconfig */ = {isa = PBXFileReference; includeInIndex = 1; lastKnownFileType = text.xcconfig; name = "Pods-iOS Dev Questions.release.xcconfig"; path = "Target Support Files/Pods-iOS Dev Questions/Pods-iOS Dev Questions.release.xcconfig"; sourceTree = "<group>"; };
		6CABC92A00720F9FE5D21EB3 /* Pods-iOS Dev QuestionsTests.debug.xcconfig */ = {isa = PBXFileReference; includeInIndex = 1; lastKnownFileType = text.xcconfig; name = "Pods-iOS Dev QuestionsTests.debug.xcconfig"; path = "Target Support Files/Pods-iOS Dev QuestionsTests/Pods-iOS Dev QuestionsTests.debug.xcconfig"; sourceTree = "<group>"; };
		8EDE94D1873241EB9B6F501B /* Pods_iOS_Dev_Questions.framework */ = {isa = PBXFileReference; explicitFileType = wrapper.framework; includeInIndex = 0; path = Pods_iOS_Dev_Questions.framework; sourceTree = BUILT_PRODUCTS_DIR; };
		93053EE765831E9ABDD96B15 /* Pods-iOS Dev Questions.debug.xcconfig */ = {isa = PBXFileReference; includeInIndex = 1; lastKnownFileType = text.xcconfig; name = "Pods-iOS Dev Questions.debug.xcconfig"; path = "Target Support Files/Pods-iOS Dev Questions/Pods-iOS Dev Questions.debug.xcconfig"; sourceTree = "<group>"; };
		9EA0676F22BDF0AF006326D1 /* iOS Dev Questions.app */ = {isa = PBXFileReference; explicitFileType = wrapper.application; includeInIndex = 0; path = "iOS Dev Questions.app"; sourceTree = BUILT_PRODUCTS_DIR; };
		9EA0677222BDF0AF006326D1 /* AppDelegate.swift */ = {isa = PBXFileReference; lastKnownFileType = sourcecode.swift; path = AppDelegate.swift; sourceTree = "<group>"; };
		9EA0677A22BDF0AF006326D1 /* iOS_Dev_Questions.xcdatamodel */ = {isa = PBXFileReference; lastKnownFileType = wrapper.xcdatamodel; path = iOS_Dev_Questions.xcdatamodel; sourceTree = "<group>"; };
		9EA0677C22BDF0B1006326D1 /* Assets.xcassets */ = {isa = PBXFileReference; lastKnownFileType = folder.assetcatalog; path = Assets.xcassets; sourceTree = "<group>"; };
		9EA0677F22BDF0B1006326D1 /* Base */ = {isa = PBXFileReference; lastKnownFileType = file.storyboard; name = Base; path = Base.lproj/LaunchScreen.storyboard; sourceTree = "<group>"; };
		9EA0678122BDF0B1006326D1 /* Info.plist */ = {isa = PBXFileReference; lastKnownFileType = text.plist.xml; path = Info.plist; sourceTree = "<group>"; };
		9EA0678622BDF0B1006326D1 /* iOS Dev QuestionsTests.xctest */ = {isa = PBXFileReference; explicitFileType = wrapper.cfbundle; includeInIndex = 0; path = "iOS Dev QuestionsTests.xctest"; sourceTree = BUILT_PRODUCTS_DIR; };
		9EA0678A22BDF0B1006326D1 /* iOS_Dev_QuestionsTests.swift */ = {isa = PBXFileReference; lastKnownFileType = sourcecode.swift; path = iOS_Dev_QuestionsTests.swift; sourceTree = "<group>"; };
		9EA0678C22BDF0B1006326D1 /* Info.plist */ = {isa = PBXFileReference; lastKnownFileType = text.plist.xml; path = Info.plist; sourceTree = "<group>"; };
		9EA0679522BDF536006326D1 /* AppContext.swift */ = {isa = PBXFileReference; lastKnownFileType = sourcecode.swift; path = AppContext.swift; sourceTree = "<group>"; };
		9EA0679722BDF94A006326D1 /* UserSettings.swift */ = {isa = PBXFileReference; lastKnownFileType = sourcecode.swift; path = UserSettings.swift; sourceTree = "<group>"; };
		9EA0679922BDFC1D006326D1 /* GlobalTypealiases.swift */ = {isa = PBXFileReference; lastKnownFileType = sourcecode.swift; path = GlobalTypealiases.swift; sourceTree = "<group>"; };
		9EA0679B22BDFC52006326D1 /* AppFlow.swift */ = {isa = PBXFileReference; lastKnownFileType = sourcecode.swift; path = AppFlow.swift; sourceTree = "<group>"; };
		9EA0679D22BDFD81006326D1 /* OnboardingFlow.swift */ = {isa = PBXFileReference; lastKnownFileType = sourcecode.swift; path = OnboardingFlow.swift; sourceTree = "<group>"; };
		9EA0679F22BE0140006326D1 /* InitialViewController.swift */ = {isa = PBXFileReference; lastKnownFileType = sourcecode.swift; path = InitialViewController.swift; sourceTree = "<group>"; };
		9EA067A122BE02EB006326D1 /* AuthFlow.swift */ = {isa = PBXFileReference; lastKnownFileType = sourcecode.swift; path = AuthFlow.swift; sourceTree = "<group>"; };
		9EA067A322BE05AD006326D1 /* User.swift */ = {isa = PBXFileReference; lastKnownFileType = sourcecode.swift; path = User.swift; sourceTree = "<group>"; };
		9EA067A522BE0622006326D1 /* AuthContext.swift */ = {isa = PBXFileReference; lastKnownFileType = sourcecode.swift; path = AuthContext.swift; sourceTree = "<group>"; };
		9EA067A722BE0C28006326D1 /* SessionFlow.swift */ = {isa = PBXFileReference; lastKnownFileType = sourcecode.swift; path = SessionFlow.swift; sourceTree = "<group>"; };
		9EA067A922BE0C9B006326D1 /* SessionContext.swift */ = {isa = PBXFileReference; lastKnownFileType = sourcecode.swift; path = SessionContext.swift; sourceTree = "<group>"; };
		9EA067AB22BE0E60006326D1 /* PersistenceService.swift */ = {isa = PBXFileReference; lastKnownFileType = sourcecode.swift; path = PersistenceService.swift; sourceTree = "<group>"; };
		9EA067B622BE1A06006326D1 /* OnboardingViewController.swift */ = {isa = PBXFileReference; lastKnownFileType = sourcecode.swift; path = OnboardingViewController.swift; sourceTree = "<group>"; };
		9EA067B822BE1A44006326D1 /* OnboardingView.swift */ = {isa = PBXFileReference; lastKnownFileType = sourcecode.swift; path = OnboardingView.swift; sourceTree = "<group>"; };
		9EA067BA22BE1AA0006326D1 /* OnboardingViewCell.swift */ = {isa = PBXFileReference; lastKnownFileType = sourcecode.swift; path = OnboardingViewCell.swift; sourceTree = "<group>"; };
		9EA067BC22BE1B1A006326D1 /* OnboardData.swift */ = {isa = PBXFileReference; lastKnownFileType = sourcecode.swift; path = OnboardData.swift; sourceTree = "<group>"; };
		9EA067BE22BE29EE006326D1 /* InitialImageView.swift */ = {isa = PBXFileReference; lastKnownFileType = sourcecode.swift; path = InitialImageView.swift; sourceTree = "<group>"; };
		9EA067C022BE7E56006326D1 /* UIColorExtensions.swift */ = {isa = PBXFileReference; lastKnownFileType = sourcecode.swift; path = UIColorExtensions.swift; sourceTree = "<group>"; };
		9EA067C222BE82B3006326D1 /* OnboardingDataCollectionView.swift */ = {isa = PBXFileReference; lastKnownFileType = sourcecode.swift; path = OnboardingDataCollectionView.swift; sourceTree = "<group>"; };
		9EA067C622BE8BDF006326D1 /* OnboardingContext.swift */ = {isa = PBXFileReference; lastKnownFileType = sourcecode.swift; path = OnboardingContext.swift; sourceTree = "<group>"; };
		9EA067C822BF4EE7006326D1 /* SignUpViewController.swift */ = {isa = PBXFileReference; lastKnownFileType = sourcecode.swift; path = SignUpViewController.swift; sourceTree = "<group>"; };
		9EA067CA22BFCF2B006326D1 /* IdentifiableCell.swift */ = {isa = PBXFileReference; lastKnownFileType = sourcecode.swift; path = IdentifiableCell.swift; sourceTree = "<group>"; };
		9EA067CC22BFEFF8006326D1 /* LogoCell.swift */ = {isa = PBXFileReference; lastKnownFileType = sourcecode.swift; path = LogoCell.swift; sourceTree = "<group>"; };
		9EA067CE22BFFC93006326D1 /* InputFieldCell.swift */ = {isa = PBXFileReference; lastKnownFileType = sourcecode.swift; path = InputFieldCell.swift; sourceTree = "<group>"; };
		9EA067D022BFFDAC006326D1 /* GradientLayerExtensions.swift */ = {isa = PBXFileReference; lastKnownFileType = sourcecode.swift; path = GradientLayerExtensions.swift; sourceTree = "<group>"; };
		9EA067D222C003CE006326D1 /* EmailInputFieldCell.swift */ = {isa = PBXFileReference; lastKnownFileType = sourcecode.swift; path = EmailInputFieldCell.swift; sourceTree = "<group>"; };
		9EA067D422C006F2006326D1 /* GradientView.swift */ = {isa = PBXFileReference; lastKnownFileType = sourcecode.swift; path = GradientView.swift; sourceTree = "<group>"; };
		9EA067D622C00935006326D1 /* PasswordInputFieldCell.swift */ = {isa = PBXFileReference; lastKnownFileType = sourcecode.swift; path = PasswordInputFieldCell.swift; sourceTree = "<group>"; };
		9EA067D822C0113F006326D1 /* FullNameInputFieldCell.swift */ = {isa = PBXFileReference; lastKnownFileType = sourcecode.swift; path = FullNameInputFieldCell.swift; sourceTree = "<group>"; };
		9EA067DA22C01658006326D1 /* PillButton.swift */ = {isa = PBXFileReference; lastKnownFileType = sourcecode.swift; path = PillButton.swift; sourceTree = "<group>"; };
		9EA067DC22C01A22006326D1 /* PillButtonCell.swift */ = {isa = PBXFileReference; lastKnownFileType = sourcecode.swift; path = PillButtonCell.swift; sourceTree = "<group>"; };
		9EA067DE22C0230E006326D1 /* TextButtton.swift */ = {isa = PBXFileReference; lastKnownFileType = sourcecode.swift; path = TextButtton.swift; sourceTree = "<group>"; };
		9EA067E022C026DA006326D1 /* TextButtonCell.swift */ = {isa = PBXFileReference; lastKnownFileType = sourcecode.swift; path = TextButtonCell.swift; sourceTree = "<group>"; };
		9EA067E222C03E89006326D1 /* SignUpView.swift */ = {isa = PBXFileReference; lastKnownFileType = sourcecode.swift; path = SignUpView.swift; sourceTree = "<group>"; };
		9EA067E422C047B9006326D1 /* Name.swift */ = {isa = PBXFileReference; lastKnownFileType = sourcecode.swift; path = Name.swift; sourceTree = "<group>"; };
		9EA067E622C04A27006326D1 /* Email.swift */ = {isa = PBXFileReference; lastKnownFileType = sourcecode.swift; path = Email.swift; sourceTree = "<group>"; };
		9EA067E822C04B72006326D1 /* Password.swift */ = {isa = PBXFileReference; lastKnownFileType = sourcecode.swift; path = Password.swift; sourceTree = "<group>"; };
		9EA067EA22C04CA6006326D1 /* SignUpCredentials.swift */ = {isa = PBXFileReference; lastKnownFileType = sourcecode.swift; path = SignUpCredentials.swift; sourceTree = "<group>"; };
		9EA067EE22C057C2006326D1 /* GoogleService-Info.plist */ = {isa = PBXFileReference; fileEncoding = 4; lastKnownFileType = text.plist.xml; path = "GoogleService-Info.plist"; sourceTree = "<group>"; };
		9EA067F022C05945006326D1 /* FirebaseAuthService.swift */ = {isa = PBXFileReference; lastKnownFileType = sourcecode.swift; path = FirebaseAuthService.swift; sourceTree = "<group>"; };
		9EA067F222C05F49006326D1 /* AlertService.swift */ = {isa = PBXFileReference; lastKnownFileType = sourcecode.swift; path = AlertService.swift; sourceTree = "<group>"; };
		CAAF496EFBCE07B36FC6D893 /* Pods-iOS Dev QuestionsTests.release.xcconfig */ = {isa = PBXFileReference; includeInIndex = 1; lastKnownFileType = text.xcconfig; name = "Pods-iOS Dev QuestionsTests.release.xcconfig"; path = "Target Support Files/Pods-iOS Dev QuestionsTests/Pods-iOS Dev QuestionsTests.release.xcconfig"; sourceTree = "<group>"; };
		E97AF6DBE90134B49DAFAFA1 /* Pods_iOS_Dev_QuestionsTests.framework */ = {isa = PBXFileReference; explicitFileType = wrapper.framework; includeInIndex = 0; path = Pods_iOS_Dev_QuestionsTests.framework; sourceTree = BUILT_PRODUCTS_DIR; };
/* End PBXFileReference section */

/* Begin PBXFrameworksBuildPhase section */
		9EA0676C22BDF0AF006326D1 /* Frameworks */ = {
			isa = PBXFrameworksBuildPhase;
			buildActionMask = 2147483647;
			files = (
				E88AC639D1E5EC6612DF5146 /* Pods_iOS_Dev_Questions.framework in Frameworks */,
			);
			runOnlyForDeploymentPostprocessing = 0;
		};
		9EA0678322BDF0B1006326D1 /* Frameworks */ = {
			isa = PBXFrameworksBuildPhase;
			buildActionMask = 2147483647;
			files = (
				9FE301ADC631501747BD3113 /* Pods_iOS_Dev_QuestionsTests.framework in Frameworks */,
			);
			runOnlyForDeploymentPostprocessing = 0;
		};
/* End PBXFrameworksBuildPhase section */

/* Begin PBXGroup section */
		75ED65141DD8B7549427AF16 /* Frameworks */ = {
			isa = PBXGroup;
			children = (
				8EDE94D1873241EB9B6F501B /* Pods_iOS_Dev_Questions.framework */,
				E97AF6DBE90134B49DAFAFA1 /* Pods_iOS_Dev_QuestionsTests.framework */,
			);
			name = Frameworks;
			sourceTree = "<group>";
		};
		9EA0676622BDF0AF006326D1 = {
			isa = PBXGroup;
			children = (
				9EA0677122BDF0AF006326D1 /* iOS Dev Questions */,
				9EA0678922BDF0B1006326D1 /* iOS Dev QuestionsTests */,
				9EA0677022BDF0AF006326D1 /* Products */,
				ED6051C7F7EBDB9C8943697A /* Pods */,
				75ED65141DD8B7549427AF16 /* Frameworks */,
			);
			sourceTree = "<group>";
		};
		9EA0677022BDF0AF006326D1 /* Products */ = {
			isa = PBXGroup;
			children = (
				9EA0676F22BDF0AF006326D1 /* iOS Dev Questions.app */,
				9EA0678622BDF0B1006326D1 /* iOS Dev QuestionsTests.xctest */,
			);
			name = Products;
			sourceTree = "<group>";
		};
		9EA0677122BDF0AF006326D1 /* iOS Dev Questions */ = {
			isa = PBXGroup;
			children = (
				9EA067B122BE152D006326D1 /* App */,
				9EA067AD22BE14D9006326D1 /* Auth */,
				9EA067AE22BE14EF006326D1 /* Session */,
				9EA067B322BE159E006326D1 /* Onboarding */,
			);
			path = "iOS Dev Questions";
			sourceTree = "<group>";
		};
		9EA0678922BDF0B1006326D1 /* iOS Dev QuestionsTests */ = {
			isa = PBXGroup;
			children = (
				9EA0678A22BDF0B1006326D1 /* iOS_Dev_QuestionsTests.swift */,
				9EA0678C22BDF0B1006326D1 /* Info.plist */,
			);
			path = "iOS Dev QuestionsTests";
			sourceTree = "<group>";
		};
		9EA067AD22BE14D9006326D1 /* Auth */ = {
			isa = PBXGroup;
			children = (
				9EA067A122BE02EB006326D1 /* AuthFlow.swift */,
				9EA067A522BE0622006326D1 /* AuthContext.swift */,
				9EA067C822BF4EE7006326D1 /* SignUpViewController.swift */,
				9EA067CC22BFEFF8006326D1 /* LogoCell.swift */,
				9EA067D222C003CE006326D1 /* EmailInputFieldCell.swift */,
				9EA067D622C00935006326D1 /* PasswordInputFieldCell.swift */,
				9EA067D822C0113F006326D1 /* FullNameInputFieldCell.swift */,
				9EA067E222C03E89006326D1 /* SignUpView.swift */,
				9EA067E422C047B9006326D1 /* Name.swift */,
				9EA067E622C04A27006326D1 /* Email.swift */,
				9EA067E822C04B72006326D1 /* Password.swift */,
				9EA067EA22C04CA6006326D1 /* SignUpCredentials.swift */,
				9EA067F022C05945006326D1 /* FirebaseAuthService.swift */,
			);
			path = Auth;
			sourceTree = "<group>";
		};
		9EA067AE22BE14EF006326D1 /* Session */ = {
			isa = PBXGroup;
			children = (
				9EA067A722BE0C28006326D1 /* SessionFlow.swift */,
				9EA067A922BE0C9B006326D1 /* SessionContext.swift */,
			);
			name = Session;
			sourceTree = "<group>";
		};
		9EA067B122BE152D006326D1 /* App */ = {
			isa = PBXGroup;
			children = (
				9EA0677C22BDF0B1006326D1 /* Assets.xcassets */,
				9EA067B222BE1553006326D1 /* Resources */,
				9EA0677E22BDF0B1006326D1 /* LaunchScreen.storyboard */,
				9EA0677222BDF0AF006326D1 /* AppDelegate.swift */,
				9EA0678122BDF0B1006326D1 /* Info.plist */,
				9EA067EE22C057C2006326D1 /* GoogleService-Info.plist */,
				9EA0677922BDF0AF006326D1 /* iOS_Dev_Questions.xcdatamodeld */,
				9EA0679522BDF536006326D1 /* AppContext.swift */,
				9EA0679B22BDFC52006326D1 /* AppFlow.swift */,
				9EA0679F22BE0140006326D1 /* InitialViewController.swift */,
				9EA0679722BDF94A006326D1 /* UserSettings.swift */,
				9EA067AB22BE0E60006326D1 /* PersistenceService.swift */,
				9EA067A322BE05AD006326D1 /* User.swift */,
				9EA0679922BDFC1D006326D1 /* GlobalTypealiases.swift */,
				9EA067BE22BE29EE006326D1 /* InitialImageView.swift */,
				9EA067C022BE7E56006326D1 /* UIColorExtensions.swift */,
				9EA067CA22BFCF2B006326D1 /* IdentifiableCell.swift */,
				9EA067CE22BFFC93006326D1 /* InputFieldCell.swift */,
				9EA067D022BFFDAC006326D1 /* GradientLayerExtensions.swift */,
				9EA067D422C006F2006326D1 /* GradientView.swift */,
				9EA067DA22C01658006326D1 /* PillButton.swift */,
				9EA067DC22C01A22006326D1 /* PillButtonCell.swift */,
				9EA067DE22C0230E006326D1 /* TextButtton.swift */,
				9EA067E022C026DA006326D1 /* TextButtonCell.swift */,
				9EA067F222C05F49006326D1 /* AlertService.swift */,
			);
			path = App;
			sourceTree = "<group>";
		};
		9EA067B222BE1553006326D1 /* Resources */ = {
			isa = PBXGroup;
			children = (
			);
			path = Resources;
			sourceTree = "<group>";
		};
		9EA067B322BE159E006326D1 /* Onboarding */ = {
			isa = PBXGroup;
			children = (
				9EA0679D22BDFD81006326D1 /* OnboardingFlow.swift */,
				9EA067C622BE8BDF006326D1 /* OnboardingContext.swift */,
				9EA067B622BE1A06006326D1 /* OnboardingViewController.swift */,
				9EA067B822BE1A44006326D1 /* OnboardingView.swift */,
				9EA067BA22BE1AA0006326D1 /* OnboardingViewCell.swift */,
				9EA067BC22BE1B1A006326D1 /* OnboardData.swift */,
				9EA067C222BE82B3006326D1 /* OnboardingDataCollectionView.swift */,
			);
			path = Onboarding;
			sourceTree = "<group>";
		};
		ED6051C7F7EBDB9C8943697A /* Pods */ = {
			isa = PBXGroup;
			children = (
				93053EE765831E9ABDD96B15 /* Pods-iOS Dev Questions.debug.xcconfig */,
				0F9C5C9F9420BAED7B1194D9 /* Pods-iOS Dev Questions.release.xcconfig */,
				6CABC92A00720F9FE5D21EB3 /* Pods-iOS Dev QuestionsTests.debug.xcconfig */,
				CAAF496EFBCE07B36FC6D893 /* Pods-iOS Dev QuestionsTests.release.xcconfig */,
			);
			path = Pods;
			sourceTree = "<group>";
		};
/* End PBXGroup section */

/* Begin PBXNativeTarget section */
		9EA0676E22BDF0AF006326D1 /* iOS Dev Questions */ = {
			isa = PBXNativeTarget;
			buildConfigurationList = 9EA0678F22BDF0B1006326D1 /* Build configuration list for PBXNativeTarget "iOS Dev Questions" */;
			buildPhases = (
				F8E1C8B8EE4C490F04A5427B /* [CP] Check Pods Manifest.lock */,
				9EA0676B22BDF0AF006326D1 /* Sources */,
				9EA0676C22BDF0AF006326D1 /* Frameworks */,
				9EA0676D22BDF0AF006326D1 /* Resources */,
				1CD9CBD80E8DA7889F4717FF /* [CP] Embed Pods Frameworks */,
			);
			buildRules = (
			);
			dependencies = (
			);
			name = "iOS Dev Questions";
			productName = "iOS Dev Questions";
			productReference = 9EA0676F22BDF0AF006326D1 /* iOS Dev Questions.app */;
			productType = "com.apple.product-type.application";
		};
		9EA0678522BDF0B1006326D1 /* iOS Dev QuestionsTests */ = {
			isa = PBXNativeTarget;
			buildConfigurationList = 9EA0679222BDF0B1006326D1 /* Build configuration list for PBXNativeTarget "iOS Dev QuestionsTests" */;
			buildPhases = (
				C321FE16BC3CFB94D267D70C /* [CP] Check Pods Manifest.lock */,
				9EA0678222BDF0B1006326D1 /* Sources */,
				9EA0678322BDF0B1006326D1 /* Frameworks */,
				9EA0678422BDF0B1006326D1 /* Resources */,
			);
			buildRules = (
			);
			dependencies = (
				9EA0678822BDF0B1006326D1 /* PBXTargetDependency */,
			);
			name = "iOS Dev QuestionsTests";
			productName = "iOS Dev QuestionsTests";
			productReference = 9EA0678622BDF0B1006326D1 /* iOS Dev QuestionsTests.xctest */;
			productType = "com.apple.product-type.bundle.unit-test";
		};
/* End PBXNativeTarget section */

/* Begin PBXProject section */
		9EA0676722BDF0AF006326D1 /* Project object */ = {
			isa = PBXProject;
			attributes = {
				LastSwiftUpdateCheck = 1020;
				LastUpgradeCheck = 1020;
				ORGANIZATIONNAME = "Kilo Loco";
				TargetAttributes = {
					9EA0676E22BDF0AF006326D1 = {
						CreatedOnToolsVersion = 10.2.1;
					};
					9EA0678522BDF0B1006326D1 = {
						CreatedOnToolsVersion = 10.2.1;
						TestTargetID = 9EA0676E22BDF0AF006326D1;
					};
				};
			};
			buildConfigurationList = 9EA0676A22BDF0AF006326D1 /* Build configuration list for PBXProject "iOS Dev Questions" */;
			compatibilityVersion = "Xcode 9.3";
			developmentRegion = en;
			hasScannedForEncodings = 0;
			knownRegions = (
				en,
				Base,
			);
			mainGroup = 9EA0676622BDF0AF006326D1;
			productRefGroup = 9EA0677022BDF0AF006326D1 /* Products */;
			projectDirPath = "";
			projectRoot = "";
			targets = (
				9EA0676E22BDF0AF006326D1 /* iOS Dev Questions */,
				9EA0678522BDF0B1006326D1 /* iOS Dev QuestionsTests */,
			);
		};
/* End PBXProject section */

/* Begin PBXResourcesBuildPhase section */
		9EA0676D22BDF0AF006326D1 /* Resources */ = {
			isa = PBXResourcesBuildPhase;
			buildActionMask = 2147483647;
			files = (
				9EA0678022BDF0B1006326D1 /* LaunchScreen.storyboard in Resources */,
				9EA0677D22BDF0B1006326D1 /* Assets.xcassets in Resources */,
				9EA067EF22C057C2006326D1 /* GoogleService-Info.plist in Resources */,
			);
			runOnlyForDeploymentPostprocessing = 0;
		};
		9EA0678422BDF0B1006326D1 /* Resources */ = {
			isa = PBXResourcesBuildPhase;
			buildActionMask = 2147483647;
			files = (
			);
			runOnlyForDeploymentPostprocessing = 0;
		};
/* End PBXResourcesBuildPhase section */

/* Begin PBXShellScriptBuildPhase section */
		1CD9CBD80E8DA7889F4717FF /* [CP] Embed Pods Frameworks */ = {
			isa = PBXShellScriptBuildPhase;
			buildActionMask = 2147483647;
			files = (
			);
			inputFileListPaths = (
				"${PODS_ROOT}/Target Support Files/Pods-iOS Dev Questions/Pods-iOS Dev Questions-frameworks-${CONFIGURATION}-input-files.xcfilelist",
			);
			name = "[CP] Embed Pods Frameworks";
			outputFileListPaths = (
				"${PODS_ROOT}/Target Support Files/Pods-iOS Dev Questions/Pods-iOS Dev Questions-frameworks-${CONFIGURATION}-output-files.xcfilelist",
			);
			runOnlyForDeploymentPostprocessing = 0;
			shellPath = /bin/sh;
			shellScript = "\"${PODS_ROOT}/Target Support Files/Pods-iOS Dev Questions/Pods-iOS Dev Questions-frameworks.sh\"\n";
			showEnvVarsInLog = 0;
		};
		C321FE16BC3CFB94D267D70C /* [CP] Check Pods Manifest.lock */ = {
			isa = PBXShellScriptBuildPhase;
			buildActionMask = 2147483647;
			files = (
			);
			inputFileListPaths = (
			);
			inputPaths = (
				"${PODS_PODFILE_DIR_PATH}/Podfile.lock",
				"${PODS_ROOT}/Manifest.lock",
			);
			name = "[CP] Check Pods Manifest.lock";
			outputFileListPaths = (
			);
			outputPaths = (
				"$(DERIVED_FILE_DIR)/Pods-iOS Dev QuestionsTests-checkManifestLockResult.txt",
			);
			runOnlyForDeploymentPostprocessing = 0;
			shellPath = /bin/sh;
			shellScript = "diff \"${PODS_PODFILE_DIR_PATH}/Podfile.lock\" \"${PODS_ROOT}/Manifest.lock\" > /dev/null\nif [ $? != 0 ] ; then\n    # print error to STDERR\n    echo \"error: The sandbox is not in sync with the Podfile.lock. Run 'pod install' or update your CocoaPods installation.\" >&2\n    exit 1\nfi\n# This output is used by Xcode 'outputs' to avoid re-running this script phase.\necho \"SUCCESS\" > \"${SCRIPT_OUTPUT_FILE_0}\"\n";
			showEnvVarsInLog = 0;
		};
		F8E1C8B8EE4C490F04A5427B /* [CP] Check Pods Manifest.lock */ = {
			isa = PBXShellScriptBuildPhase;
			buildActionMask = 2147483647;
			files = (
			);
			inputFileListPaths = (
			);
			inputPaths = (
				"${PODS_PODFILE_DIR_PATH}/Podfile.lock",
				"${PODS_ROOT}/Manifest.lock",
			);
			name = "[CP] Check Pods Manifest.lock";
			outputFileListPaths = (
			);
			outputPaths = (
				"$(DERIVED_FILE_DIR)/Pods-iOS Dev Questions-checkManifestLockResult.txt",
			);
			runOnlyForDeploymentPostprocessing = 0;
			shellPath = /bin/sh;
			shellScript = "diff \"${PODS_PODFILE_DIR_PATH}/Podfile.lock\" \"${PODS_ROOT}/Manifest.lock\" > /dev/null\nif [ $? != 0 ] ; then\n    # print error to STDERR\n    echo \"error: The sandbox is not in sync with the Podfile.lock. Run 'pod install' or update your CocoaPods installation.\" >&2\n    exit 1\nfi\n# This output is used by Xcode 'outputs' to avoid re-running this script phase.\necho \"SUCCESS\" > \"${SCRIPT_OUTPUT_FILE_0}\"\n";
			showEnvVarsInLog = 0;
		};
/* End PBXShellScriptBuildPhase section */

/* Begin PBXSourcesBuildPhase section */
		9EA0676B22BDF0AF006326D1 /* Sources */ = {
			isa = PBXSourcesBuildPhase;
			buildActionMask = 2147483647;
			files = (
				9EA067D722C00935006326D1 /* PasswordInputFieldCell.swift in Sources */,
				9EA0679C22BDFC52006326D1 /* AppFlow.swift in Sources */,
				9EA067CB22BFCF2B006326D1 /* IdentifiableCell.swift in Sources */,
				9EA067E922C04B72006326D1 /* Password.swift in Sources */,
				9EA0679E22BDFD81006326D1 /* OnboardingFlow.swift in Sources */,
				9EA067D322C003CE006326D1 /* EmailInputFieldCell.swift in Sources */,
				9EA067DF22C0230E006326D1 /* TextButtton.swift in Sources */,
				9EA067E722C04A27006326D1 /* Email.swift in Sources */,
				9EA067A022BE0140006326D1 /* InitialViewController.swift in Sources */,
				9EA0679622BDF536006326D1 /* AppContext.swift in Sources */,
				9EA0677322BDF0AF006326D1 /* AppDelegate.swift in Sources */,
				9EA067CD22BFEFF8006326D1 /* LogoCell.swift in Sources */,
				9EA0679A22BDFC1D006326D1 /* GlobalTypealiases.swift in Sources */,
				9EA067C922BF4EE7006326D1 /* SignUpViewController.swift in Sources */,
				9EA067D122BFFDAC006326D1 /* GradientLayerExtensions.swift in Sources */,
				9EA0679822BDF94A006326D1 /* UserSettings.swift in Sources */,
				9EA067F322C05F49006326D1 /* AlertService.swift in Sources */,
				9EA067DD22C01A22006326D1 /* PillButtonCell.swift in Sources */,
				9EA067D922C0113F006326D1 /* FullNameInputFieldCell.swift in Sources */,
				9EA067E322C03E89006326D1 /* SignUpView.swift in Sources */,
				9EA067B722BE1A06006326D1 /* OnboardingViewController.swift in Sources */,
				9EA067E122C026DA006326D1 /* TextButtonCell.swift in Sources */,
				9EA067AA22BE0C9B006326D1 /* SessionContext.swift in Sources */,
				9EA067EB22C04CA6006326D1 /* SignUpCredentials.swift in Sources */,
				9EA067C722BE8BDF006326D1 /* OnboardingContext.swift in Sources */,
				9EA067BB22BE1AA0006326D1 /* OnboardingViewCell.swift in Sources */,
				9EA067C322BE82B3006326D1 /* OnboardingDataCollectionView.swift in Sources */,
				9EA067CF22BFFC93006326D1 /* InputFieldCell.swift in Sources */,
				9EA0677B22BDF0AF006326D1 /* iOS_Dev_Questions.xcdatamodeld in Sources */,
				9EA067BD22BE1B1A006326D1 /* OnboardData.swift in Sources */,
				9EA067AC22BE0E60006326D1 /* PersistenceService.swift in Sources */,
				9EA067E522C047B9006326D1 /* Name.swift in Sources */,
				9EA067F122C05945006326D1 /* FirebaseAuthService.swift in Sources */,
				9EA067A822BE0C28006326D1 /* SessionFlow.swift in Sources */,
				9EA067DB22C01658006326D1 /* PillButton.swift in Sources */,
				9EA067A222BE02EB006326D1 /* AuthFlow.swift in Sources */,
				9EA067B922BE1A44006326D1 /* OnboardingView.swift in Sources */,
				9EA067A422BE05AD006326D1 /* User.swift in Sources */,
				9EA067A622BE0622006326D1 /* AuthContext.swift in Sources */,
				9EA067D522C006F2006326D1 /* GradientView.swift in Sources */,
				9EA067BF22BE29EE006326D1 /* InitialImageView.swift in Sources */,
				9EA067C122BE7E56006326D1 /* UIColorExtensions.swift in Sources */,
			);
			runOnlyForDeploymentPostprocessing = 0;
		};
		9EA0678222BDF0B1006326D1 /* Sources */ = {
			isa = PBXSourcesBuildPhase;
			buildActionMask = 2147483647;
			files = (
				9EA0678B22BDF0B1006326D1 /* iOS_Dev_QuestionsTests.swift in Sources */,
			);
			runOnlyForDeploymentPostprocessing = 0;
		};
/* End PBXSourcesBuildPhase section */

/* Begin PBXTargetDependency section */
		9EA0678822BDF0B1006326D1 /* PBXTargetDependency */ = {
			isa = PBXTargetDependency;
			target = 9EA0676E22BDF0AF006326D1 /* iOS Dev Questions */;
			targetProxy = 9EA0678722BDF0B1006326D1 /* PBXContainerItemProxy */;
		};
/* End PBXTargetDependency section */

/* Begin PBXVariantGroup section */
		9EA0677E22BDF0B1006326D1 /* LaunchScreen.storyboard */ = {
			isa = PBXVariantGroup;
			children = (
				9EA0677F22BDF0B1006326D1 /* Base */,
			);
			name = LaunchScreen.storyboard;
			sourceTree = "<group>";
		};
/* End PBXVariantGroup section */

/* Begin XCBuildConfiguration section */
		9EA0678D22BDF0B1006326D1 /* Debug */ = {
			isa = XCBuildConfiguration;
			buildSettings = {
				ALWAYS_SEARCH_USER_PATHS = NO;
				CLANG_ANALYZER_NONNULL = YES;
				CLANG_ANALYZER_NUMBER_OBJECT_CONVERSION = YES_AGGRESSIVE;
				CLANG_CXX_LANGUAGE_STANDARD = "gnu++14";
				CLANG_CXX_LIBRARY = "libc++";
				CLANG_ENABLE_MODULES = YES;
				CLANG_ENABLE_OBJC_ARC = YES;
				CLANG_ENABLE_OBJC_WEAK = YES;
				CLANG_WARN_BLOCK_CAPTURE_AUTORELEASING = YES;
				CLANG_WARN_BOOL_CONVERSION = YES;
				CLANG_WARN_COMMA = YES;
				CLANG_WARN_CONSTANT_CONVERSION = YES;
				CLANG_WARN_DEPRECATED_OBJC_IMPLEMENTATIONS = YES;
				CLANG_WARN_DIRECT_OBJC_ISA_USAGE = YES_ERROR;
				CLANG_WARN_DOCUMENTATION_COMMENTS = YES;
				CLANG_WARN_EMPTY_BODY = YES;
				CLANG_WARN_ENUM_CONVERSION = YES;
				CLANG_WARN_INFINITE_RECURSION = YES;
				CLANG_WARN_INT_CONVERSION = YES;
				CLANG_WARN_NON_LITERAL_NULL_CONVERSION = YES;
				CLANG_WARN_OBJC_IMPLICIT_RETAIN_SELF = YES;
				CLANG_WARN_OBJC_LITERAL_CONVERSION = YES;
				CLANG_WARN_OBJC_ROOT_CLASS = YES_ERROR;
				CLANG_WARN_RANGE_LOOP_ANALYSIS = YES;
				CLANG_WARN_STRICT_PROTOTYPES = YES;
				CLANG_WARN_SUSPICIOUS_MOVE = YES;
				CLANG_WARN_UNGUARDED_AVAILABILITY = YES_AGGRESSIVE;
				CLANG_WARN_UNREACHABLE_CODE = YES;
				CLANG_WARN__DUPLICATE_METHOD_MATCH = YES;
				CODE_SIGN_IDENTITY = "iPhone Developer";
				COPY_PHASE_STRIP = NO;
				DEBUG_INFORMATION_FORMAT = dwarf;
				ENABLE_STRICT_OBJC_MSGSEND = YES;
				ENABLE_TESTABILITY = YES;
				GCC_C_LANGUAGE_STANDARD = gnu11;
				GCC_DYNAMIC_NO_PIC = NO;
				GCC_NO_COMMON_BLOCKS = YES;
				GCC_OPTIMIZATION_LEVEL = 0;
				GCC_PREPROCESSOR_DEFINITIONS = (
					"DEBUG=1",
					"$(inherited)",
				);
				GCC_WARN_64_TO_32_BIT_CONVERSION = YES;
				GCC_WARN_ABOUT_RETURN_TYPE = YES_ERROR;
				GCC_WARN_UNDECLARED_SELECTOR = YES;
				GCC_WARN_UNINITIALIZED_AUTOS = YES_AGGRESSIVE;
				GCC_WARN_UNUSED_FUNCTION = YES;
				GCC_WARN_UNUSED_VARIABLE = YES;
				IPHONEOS_DEPLOYMENT_TARGET = 12.2;
				MTL_ENABLE_DEBUG_INFO = INCLUDE_SOURCE;
				MTL_FAST_MATH = YES;
				ONLY_ACTIVE_ARCH = YES;
				SDKROOT = iphoneos;
				SWIFT_ACTIVE_COMPILATION_CONDITIONS = DEBUG;
				SWIFT_OPTIMIZATION_LEVEL = "-Onone";
			};
			name = Debug;
		};
		9EA0678E22BDF0B1006326D1 /* Release */ = {
			isa = XCBuildConfiguration;
			buildSettings = {
				ALWAYS_SEARCH_USER_PATHS = NO;
				CLANG_ANALYZER_NONNULL = YES;
				CLANG_ANALYZER_NUMBER_OBJECT_CONVERSION = YES_AGGRESSIVE;
				CLANG_CXX_LANGUAGE_STANDARD = "gnu++14";
				CLANG_CXX_LIBRARY = "libc++";
				CLANG_ENABLE_MODULES = YES;
				CLANG_ENABLE_OBJC_ARC = YES;
				CLANG_ENABLE_OBJC_WEAK = YES;
				CLANG_WARN_BLOCK_CAPTURE_AUTORELEASING = YES;
				CLANG_WARN_BOOL_CONVERSION = YES;
				CLANG_WARN_COMMA = YES;
				CLANG_WARN_CONSTANT_CONVERSION = YES;
				CLANG_WARN_DEPRECATED_OBJC_IMPLEMENTATIONS = YES;
				CLANG_WARN_DIRECT_OBJC_ISA_USAGE = YES_ERROR;
				CLANG_WARN_DOCUMENTATION_COMMENTS = YES;
				CLANG_WARN_EMPTY_BODY = YES;
				CLANG_WARN_ENUM_CONVERSION = YES;
				CLANG_WARN_INFINITE_RECURSION = YES;
				CLANG_WARN_INT_CONVERSION = YES;
				CLANG_WARN_NON_LITERAL_NULL_CONVERSION = YES;
				CLANG_WARN_OBJC_IMPLICIT_RETAIN_SELF = YES;
				CLANG_WARN_OBJC_LITERAL_CONVERSION = YES;
				CLANG_WARN_OBJC_ROOT_CLASS = YES_ERROR;
				CLANG_WARN_RANGE_LOOP_ANALYSIS = YES;
				CLANG_WARN_STRICT_PROTOTYPES = YES;
				CLANG_WARN_SUSPICIOUS_MOVE = YES;
				CLANG_WARN_UNGUARDED_AVAILABILITY = YES_AGGRESSIVE;
				CLANG_WARN_UNREACHABLE_CODE = YES;
				CLANG_WARN__DUPLICATE_METHOD_MATCH = YES;
				CODE_SIGN_IDENTITY = "iPhone Developer";
				COPY_PHASE_STRIP = NO;
				DEBUG_INFORMATION_FORMAT = "dwarf-with-dsym";
				ENABLE_NS_ASSERTIONS = NO;
				ENABLE_STRICT_OBJC_MSGSEND = YES;
				GCC_C_LANGUAGE_STANDARD = gnu11;
				GCC_NO_COMMON_BLOCKS = YES;
				GCC_WARN_64_TO_32_BIT_CONVERSION = YES;
				GCC_WARN_ABOUT_RETURN_TYPE = YES_ERROR;
				GCC_WARN_UNDECLARED_SELECTOR = YES;
				GCC_WARN_UNINITIALIZED_AUTOS = YES_AGGRESSIVE;
				GCC_WARN_UNUSED_FUNCTION = YES;
				GCC_WARN_UNUSED_VARIABLE = YES;
				IPHONEOS_DEPLOYMENT_TARGET = 12.2;
				MTL_ENABLE_DEBUG_INFO = NO;
				MTL_FAST_MATH = YES;
				SDKROOT = iphoneos;
				SWIFT_COMPILATION_MODE = wholemodule;
				SWIFT_OPTIMIZATION_LEVEL = "-O";
				VALIDATE_PRODUCT = YES;
			};
			name = Release;
		};
		9EA0679022BDF0B1006326D1 /* Debug */ = {
			isa = XCBuildConfiguration;
			baseConfigurationReference = 93053EE765831E9ABDD96B15 /* Pods-iOS Dev Questions.debug.xcconfig */;
			buildSettings = {
				ASSETCATALOG_COMPILER_APPICON_NAME = AppIcon;
				CODE_SIGN_STYLE = Automatic;
				DEVELOPMENT_TEAM = 5K99777NES;
				INFOPLIST_FILE = "$(SRCROOT)/iOS Dev Questions/App/Info.plist";
				IPHONEOS_DEPLOYMENT_TARGET = 11.0;
				LD_RUNPATH_SEARCH_PATHS = (
					"$(inherited)",
					"@executable_path/Frameworks",
				);
				PRODUCT_BUNDLE_IDENTIFIER = "com.kiloloco.iOS-Dev-Questions";
				PRODUCT_NAME = "$(TARGET_NAME)";
				SWIFT_VERSION = 5.0;
				TARGETED_DEVICE_FAMILY = "1,2";
			};
			name = Debug;
		};
		9EA0679122BDF0B1006326D1 /* Release */ = {
			isa = XCBuildConfiguration;
			baseConfigurationReference = 0F9C5C9F9420BAED7B1194D9 /* Pods-iOS Dev Questions.release.xcconfig */;
			buildSettings = {
				ASSETCATALOG_COMPILER_APPICON_NAME = AppIcon;
				CODE_SIGN_STYLE = Automatic;
				DEVELOPMENT_TEAM = 5K99777NES;
				INFOPLIST_FILE = "$(SRCROOT)/iOS Dev Questions/App/Info.plist";
				IPHONEOS_DEPLOYMENT_TARGET = 11.0;
				LD_RUNPATH_SEARCH_PATHS = (
					"$(inherited)",
					"@executable_path/Frameworks",
				);
				PRODUCT_BUNDLE_IDENTIFIER = "com.kiloloco.iOS-Dev-Questions";
				PRODUCT_NAME = "$(TARGET_NAME)";
				SWIFT_VERSION = 5.0;
				TARGETED_DEVICE_FAMILY = "1,2";
			};
			name = Release;
		};
		9EA0679322BDF0B1006326D1 /* Debug */ = {
			isa = XCBuildConfiguration;
			baseConfigurationReference = 6CABC92A00720F9FE5D21EB3 /* Pods-iOS Dev QuestionsTests.debug.xcconfig */;
			buildSettings = {
				ALWAYS_EMBED_SWIFT_STANDARD_LIBRARIES = YES;
				BUNDLE_LOADER = "$(TEST_HOST)";
				CODE_SIGN_STYLE = Automatic;
				DEVELOPMENT_TEAM = 5K99777NES;
				INFOPLIST_FILE = "iOS Dev QuestionsTests/Info.plist";
				LD_RUNPATH_SEARCH_PATHS = (
					"$(inherited)",
					"@executable_path/Frameworks",
					"@loader_path/Frameworks",
				);
				PRODUCT_BUNDLE_IDENTIFIER = "com.kiloloco.iOS-Dev-QuestionsTests";
				PRODUCT_NAME = "$(TARGET_NAME)";
				SWIFT_VERSION = 5.0;
				TARGETED_DEVICE_FAMILY = "1,2";
				TEST_HOST = "$(BUILT_PRODUCTS_DIR)/iOS Dev Questions.app/iOS Dev Questions";
			};
			name = Debug;
		};
		9EA0679422BDF0B1006326D1 /* Release */ = {
			isa = XCBuildConfiguration;
			baseConfigurationReference = CAAF496EFBCE07B36FC6D893 /* Pods-iOS Dev QuestionsTests.release.xcconfig */;
			buildSettings = {
				ALWAYS_EMBED_SWIFT_STANDARD_LIBRARIES = YES;
				BUNDLE_LOADER = "$(TEST_HOST)";
				CODE_SIGN_STYLE = Automatic;
				DEVELOPMENT_TEAM = 5K99777NES;
				INFOPLIST_FILE = "iOS Dev QuestionsTests/Info.plist";
				LD_RUNPATH_SEARCH_PATHS = (
					"$(inherited)",
					"@executable_path/Frameworks",
					"@loader_path/Frameworks",
				);
				PRODUCT_BUNDLE_IDENTIFIER = "com.kiloloco.iOS-Dev-QuestionsTests";
				PRODUCT_NAME = "$(TARGET_NAME)";
				SWIFT_VERSION = 5.0;
				TARGETED_DEVICE_FAMILY = "1,2";
				TEST_HOST = "$(BUILT_PRODUCTS_DIR)/iOS Dev Questions.app/iOS Dev Questions";
			};
			name = Release;
		};
/* End XCBuildConfiguration section */

/* Begin XCConfigurationList section */
		9EA0676A22BDF0AF006326D1 /* Build configuration list for PBXProject "iOS Dev Questions" */ = {
			isa = XCConfigurationList;
			buildConfigurations = (
				9EA0678D22BDF0B1006326D1 /* Debug */,
				9EA0678E22BDF0B1006326D1 /* Release */,
			);
			defaultConfigurationIsVisible = 0;
			defaultConfigurationName = Release;
		};
		9EA0678F22BDF0B1006326D1 /* Build configuration list for PBXNativeTarget "iOS Dev Questions" */ = {
			isa = XCConfigurationList;
			buildConfigurations = (
				9EA0679022BDF0B1006326D1 /* Debug */,
				9EA0679122BDF0B1006326D1 /* Release */,
			);
			defaultConfigurationIsVisible = 0;
			defaultConfigurationName = Release;
		};
		9EA0679222BDF0B1006326D1 /* Build configuration list for PBXNativeTarget "iOS Dev QuestionsTests" */ = {
			isa = XCConfigurationList;
			buildConfigurations = (
				9EA0679322BDF0B1006326D1 /* Debug */,
				9EA0679422BDF0B1006326D1 /* Release */,
			);
			defaultConfigurationIsVisible = 0;
			defaultConfigurationName = Release;
		};
/* End XCConfigurationList section */

/* Begin XCVersionGroup section */
		9EA0677922BDF0AF006326D1 /* iOS_Dev_Questions.xcdatamodeld */ = {
			isa = XCVersionGroup;
			children = (
				9EA0677A22BDF0AF006326D1 /* iOS_Dev_Questions.xcdatamodel */,
			);
			currentVersion = 9EA0677A22BDF0AF006326D1 /* iOS_Dev_Questions.xcdatamodel */;
			path = iOS_Dev_Questions.xcdatamodeld;
			sourceTree = "<group>";
			versionGroupType = wrapper.xcdatamodel;
		};
/* End XCVersionGroup section */
	};
	rootObject = 9EA0676722BDF0AF006326D1 /* Project object */;
}
